
Microsoft Visual Studio Solution File, Format Version 12.00
# Visual Studio Version 16
VisualStudioVersion = 16.0.29001.49
MinimumVisualStudioVersion = 10.0.40219.1
Project("{FAE04EC0-301F-11D3-BF4B-00C04F79EFBC}") = "Ejercicio3", "Ejercicio3\Ejercicio3.csproj", "{8DD35F76-428B-48FA-B491-EEDCBB379DBE}"
EndProject
Global
	GlobalSection(SolutionConfigurationPlatforms) = preSolution
		Debug|Any CPU = Debug|Any CPU
		Release|Any CPU = Release|Any CPU
	EndGlobalSection
	GlobalSection(ProjectConfigurationPlatforms) = postSolution
		{8DD35F76-428B-48FA-B491-EEDCBB379DBE}.Debug|Any CPU.ActiveCfg = Debug|Any CPU
		{8DD35F76-428B-48FA-B491-EEDCBB379DBE}.Debug|Any CPU.Build.0 = Debug|Any CPU
		{8DD35F76-428B-48FA-B491-EEDCBB379DBE}.Release|Any CPU.ActiveCfg = Release|Any CPU
		{8DD35F76-428B-48FA-B491-EEDCBB379DBE}.Release|Any CPU.Build.0 = Release|Any CPU
	EndGlobalSection
	GlobalSection(SolutionProperties) = preSolution
		HideSolutionNode = FALSE
	EndGlobalSection
	GlobalSection(ExtensibilityGlobals) = postSolution
		SolutionGuid = {A4738232-359C-4C15-8AFD-9EDE6459EE2B}
	EndGlobalSection
EndGlobal
